// !$*UTF8*$!
{
	archiveVersion = 1;
	classes = {
	};
	objectVersion = 51;
	objects = {

/* Begin PBXBuildFile section */
		A985FE416B3CD754FBD8851C /* Pods_Geofencing.framework in Frameworks */ = {isa = PBXBuildFile; fileRef = 58CE4341B00839B3B2ECA491 /* Pods_Geofencing.framework */; };
		C1039096242CCDB500E3A007 /* PlaceMock.swift in Sources */ = {isa = PBXBuildFile; fileRef = C1039095242CCDB500E3A007 /* PlaceMock.swift */; };
		C1039098242CCDED00E3A007 /* PlaceNetworking.swift in Sources */ = {isa = PBXBuildFile; fileRef = C1039097242CCDED00E3A007 /* PlaceNetworking.swift */; };
		C103909A242CCE3700E3A007 /* PlaceNetworkingProtocol.swift in Sources */ = {isa = PBXBuildFile; fileRef = C1039099242CCE3700E3A007 /* PlaceNetworkingProtocol.swift */; };
		C103909D242CE3E600E3A007 /* MapViewModelProtocol.swift in Sources */ = {isa = PBXBuildFile; fileRef = C103909C242CE3E600E3A007 /* MapViewModelProtocol.swift */; };
		C11508BA2431E15C00971465 /* Coordinator.swift in Sources */ = {isa = PBXBuildFile; fileRef = C11508B92431E15C00971465 /* Coordinator.swift */; };
		C11508BC2431E3C000971465 /* NotificationManager.swift in Sources */ = {isa = PBXBuildFile; fileRef = C11508BB2431E3C000971465 /* NotificationManager.swift */; };
		C19C4252242B77FE0086BA46 /* MKPolygon+Extension.swift in Sources */ = {isa = PBXBuildFile; fileRef = C19C4251242B77FE0086BA46 /* MKPolygon+Extension.swift */; };
		C19C4254242B78B30086BA46 /* PlaceServerResponse.swift in Sources */ = {isa = PBXBuildFile; fileRef = C19C4253242B78B30086BA46 /* PlaceServerResponse.swift */; };
		C19C4256242B79060086BA46 /* Place.swift in Sources */ = {isa = PBXBuildFile; fileRef = C19C4255242B79060086BA46 /* Place.swift */; };
		C19C4258242B7A7F0086BA46 /* GeofencingError.swift in Sources */ = {isa = PBXBuildFile; fileRef = C19C4257242B7A7F0086BA46 /* GeofencingError.swift */; };
		C19C425B242B7B9D0086BA46 /* PlaceFactory.swift in Sources */ = {isa = PBXBuildFile; fileRef = C19C425A242B7B9D0086BA46 /* PlaceFactory.swift */; };
		C19C4263242BA04D0086BA46 /* PlaceNetworkingMock.swift in Sources */ = {isa = PBXBuildFile; fileRef = C19C4262242BA04D0086BA46 /* PlaceNetworkingMock.swift */; };
		C19C4266242BB1400086BA46 /* PlaceManager.swift in Sources */ = {isa = PBXBuildFile; fileRef = C19C4265242BB1400086BA46 /* PlaceManager.swift */; };
		C1F6C3D6242A041D009D8108 /* AppDelegate.swift in Sources */ = {isa = PBXBuildFile; fileRef = C1F6C3D5242A041D009D8108 /* AppDelegate.swift */; };
		C1F6C3DF242A0421009D8108 /* Assets.xcassets in Resources */ = {isa = PBXBuildFile; fileRef = C1F6C3DE242A0421009D8108 /* Assets.xcassets */; };
		C1F6C3E2242A0421009D8108 /* LaunchScreen.storyboard in Resources */ = {isa = PBXBuildFile; fileRef = C1F6C3E0242A0421009D8108 /* LaunchScreen.storyboard */; };
		C1F6C408242A0598009D8108 /* ActivityIndicator.swift in Sources */ = {isa = PBXBuildFile; fileRef = C1F6C3F2242A0597009D8108 /* ActivityIndicator.swift */; };
		C1F6C409242A0598009D8108 /* UIImageView+Extension.swift in Sources */ = {isa = PBXBuildFile; fileRef = C1F6C3F4242A0597009D8108 /* UIImageView+Extension.swift */; };
		C1F6C40A242A0598009D8108 /* UIFont+Extension.swift in Sources */ = {isa = PBXBuildFile; fileRef = C1F6C3F5242A0597009D8108 /* UIFont+Extension.swift */; };
		C1F6C40B242A0598009D8108 /* UIColor+Extension.swift in Sources */ = {isa = PBXBuildFile; fileRef = C1F6C3F6242A0597009D8108 /* UIColor+Extension.swift */; };
		C1F6C40C242A0598009D8108 /* UILabel+Extension.swift in Sources */ = {isa = PBXBuildFile; fileRef = C1F6C3F7242A0597009D8108 /* UILabel+Extension.swift */; };
		C1F6C40D242A0598009D8108 /* Thread+Extension.swift in Sources */ = {isa = PBXBuildFile; fileRef = C1F6C3F8242A0597009D8108 /* Thread+Extension.swift */; };
		C1F6C40E242A0598009D8108 /* UIButton+Extension.swift in Sources */ = {isa = PBXBuildFile; fileRef = C1F6C3F9242A0597009D8108 /* UIButton+Extension.swift */; };
		C1F6C40F242A0598009D8108 /* ObservableType+Extension.swift in Sources */ = {isa = PBXBuildFile; fileRef = C1F6C3FA242A0597009D8108 /* ObservableType+Extension.swift */; };
		C1F6C410242A0598009D8108 /* UIView+Extension.swift in Sources */ = {isa = PBXBuildFile; fileRef = C1F6C3FB242A0597009D8108 /* UIView+Extension.swift */; };
		C1F6C411242A0598009D8108 /* UIImage+Extension.swift in Sources */ = {isa = PBXBuildFile; fileRef = C1F6C3FC242A0597009D8108 /* UIImage+Extension.swift */; };
		C1F6C412242A0598009D8108 /* UIViewController+Extension.swift in Sources */ = {isa = PBXBuildFile; fileRef = C1F6C3FD242A0598009D8108 /* UIViewController+Extension.swift */; };
		C1F6C413242A0598009D8108 /* UIScreen+Extension.swift in Sources */ = {isa = PBXBuildFile; fileRef = C1F6C3FE242A0598009D8108 /* UIScreen+Extension.swift */; };
		C1F6C414242A0598009D8108 /* Bool+Extension.swift in Sources */ = {isa = PBXBuildFile; fileRef = C1F6C3FF242A0598009D8108 /* Bool+Extension.swift */; };
		C1F6C415242A0598009D8108 /* UIStackView+Extension.swift in Sources */ = {isa = PBXBuildFile; fileRef = C1F6C400242A0598009D8108 /* UIStackView+Extension.swift */; };
		C1F6C416242A0598009D8108 /* UIScrollView+Extension.swift in Sources */ = {isa = PBXBuildFile; fileRef = C1F6C401242A0598009D8108 /* UIScrollView+Extension.swift */; };
		C1F6C417242A0598009D8108 /* CGSize+Extension.swift in Sources */ = {isa = PBXBuildFile; fileRef = C1F6C402242A0598009D8108 /* CGSize+Extension.swift */; };
		C1F6C418242A0598009D8108 /* UITextField+Extension.swift in Sources */ = {isa = PBXBuildFile; fileRef = C1F6C403242A0598009D8108 /* UITextField+Extension.swift */; };
		C1F6C419242A0598009D8108 /* UIButton+Rx.swift in Sources */ = {isa = PBXBuildFile; fileRef = C1F6C405242A0598009D8108 /* UIButton+Rx.swift */; };
		C1F6C41A242A0598009D8108 /* CGFloat+Extension.swift in Sources */ = {isa = PBXBuildFile; fileRef = C1F6C406242A0598009D8108 /* CGFloat+Extension.swift */; };
		C1F6C41B242A0598009D8108 /* Array+Extension.swift in Sources */ = {isa = PBXBuildFile; fileRef = C1F6C407242A0598009D8108 /* Array+Extension.swift */; };
		C1F6C41F242A08CC009D8108 /* MapViewController.swift in Sources */ = {isa = PBXBuildFile; fileRef = C1F6C41E242A08CC009D8108 /* MapViewController.swift */; };
		C1F6C421242A0933009D8108 /* MapViewModel.swift in Sources */ = {isa = PBXBuildFile; fileRef = C1F6C420242A0933009D8108 /* MapViewModel.swift */; };
		C1F6C42E242A6389009D8108 /* LocationManager.swift in Sources */ = {isa = PBXBuildFile; fileRef = C1F6C42B242A6389009D8108 /* LocationManager.swift */; };
/* End PBXBuildFile section */

/* Begin PBXFileReference section */
		4B0BBFB971B9CA68F4DA285B /* Pods-Geofencing.release.xcconfig */ = {isa = PBXFileReference; includeInIndex = 1; lastKnownFileType = text.xcconfig; name = "Pods-Geofencing.release.xcconfig"; path = "Target Support Files/Pods-Geofencing/Pods-Geofencing.release.xcconfig"; sourceTree = "<group>"; };
		58CE4341B00839B3B2ECA491 /* Pods_Geofencing.framework */ = {isa = PBXFileReference; explicitFileType = wrapper.framework; includeInIndex = 0; path = Pods_Geofencing.framework; sourceTree = BUILT_PRODUCTS_DIR; };
		5B44332DC4256B7DDAE0EBBB /* Pods-Geofencing.debug.xcconfig */ = {isa = PBXFileReference; includeInIndex = 1; lastKnownFileType = text.xcconfig; name = "Pods-Geofencing.debug.xcconfig"; path = "Target Support Files/Pods-Geofencing/Pods-Geofencing.debug.xcconfig"; sourceTree = "<group>"; };
		C1039095242CCDB500E3A007 /* PlaceMock.swift */ = {isa = PBXFileReference; lastKnownFileType = sourcecode.swift; path = PlaceMock.swift; sourceTree = "<group>"; };
		C1039097242CCDED00E3A007 /* PlaceNetworking.swift */ = {isa = PBXFileReference; lastKnownFileType = sourcecode.swift; path = PlaceNetworking.swift; sourceTree = "<group>"; };
		C1039099242CCE3700E3A007 /* PlaceNetworkingProtocol.swift */ = {isa = PBXFileReference; lastKnownFileType = sourcecode.swift; path = PlaceNetworkingProtocol.swift; sourceTree = "<group>"; };
		C103909C242CE3E600E3A007 /* MapViewModelProtocol.swift */ = {isa = PBXFileReference; lastKnownFileType = sourcecode.swift; path = MapViewModelProtocol.swift; sourceTree = "<group>"; };
		C11508B92431E15C00971465 /* Coordinator.swift */ = {isa = PBXFileReference; lastKnownFileType = sourcecode.swift; path = Coordinator.swift; sourceTree = "<group>"; };
		C11508BB2431E3C000971465 /* NotificationManager.swift */ = {isa = PBXFileReference; lastKnownFileType = sourcecode.swift; path = NotificationManager.swift; sourceTree = "<group>"; };
		C19C424F242B75920086BA46 /* Hodanje po najbolje kvartu.gpx */ = {isa = PBXFileReference; lastKnownFileType = text.xml; path = "Hodanje po najbolje kvartu.gpx"; sourceTree = "<group>"; };
		C19C4251242B77FE0086BA46 /* MKPolygon+Extension.swift */ = {isa = PBXFileReference; lastKnownFileType = sourcecode.swift; path = "MKPolygon+Extension.swift"; sourceTree = "<group>"; };
		C19C4253242B78B30086BA46 /* PlaceServerResponse.swift */ = {isa = PBXFileReference; lastKnownFileType = sourcecode.swift; path = PlaceServerResponse.swift; sourceTree = "<group>"; };
		C19C4255242B79060086BA46 /* Place.swift */ = {isa = PBXFileReference; lastKnownFileType = sourcecode.swift; path = Place.swift; sourceTree = "<group>"; };
		C19C4257242B7A7F0086BA46 /* GeofencingError.swift */ = {isa = PBXFileReference; lastKnownFileType = sourcecode.swift; path = GeofencingError.swift; sourceTree = "<group>"; };
		C19C425A242B7B9D0086BA46 /* PlaceFactory.swift */ = {isa = PBXFileReference; lastKnownFileType = sourcecode.swift; path = PlaceFactory.swift; sourceTree = "<group>"; };
		C19C4262242BA04D0086BA46 /* PlaceNetworkingMock.swift */ = {isa = PBXFileReference; lastKnownFileType = sourcecode.swift; path = PlaceNetworkingMock.swift; sourceTree = "<group>"; };
		C19C4264242BA8AF0086BA46 /* Trcanje dubai-zuza-vivas.gpx */ = {isa = PBXFileReference; lastKnownFileType = text.xml; path = "Trcanje dubai-zuza-vivas.gpx"; sourceTree = "<group>"; };
		C19C4265242BB1400086BA46 /* PlaceManager.swift */ = {isa = PBXFileReference; lastKnownFileType = sourcecode.swift; path = PlaceManager.swift; sourceTree = "<group>"; };
		C1F6C3D2242A041D009D8108 /* Geofencing.app */ = {isa = PBXFileReference; explicitFileType = wrapper.application; includeInIndex = 0; path = Geofencing.app; sourceTree = BUILT_PRODUCTS_DIR; };
		C1F6C3D5242A041D009D8108 /* AppDelegate.swift */ = {isa = PBXFileReference; lastKnownFileType = sourcecode.swift; path = AppDelegate.swift; sourceTree = "<group>"; };
		C1F6C3DE242A0421009D8108 /* Assets.xcassets */ = {isa = PBXFileReference; lastKnownFileType = folder.assetcatalog; path = Assets.xcassets; sourceTree = "<group>"; };
		C1F6C3E1242A0421009D8108 /* Base */ = {isa = PBXFileReference; lastKnownFileType = file.storyboard; name = Base; path = Base.lproj/LaunchScreen.storyboard; sourceTree = "<group>"; };
		C1F6C3E3242A0421009D8108 /* Info.plist */ = {isa = PBXFileReference; lastKnownFileType = text.plist.xml; path = Info.plist; sourceTree = "<group>"; };
		C1F6C3F2242A0597009D8108 /* ActivityIndicator.swift */ = {isa = PBXFileReference; fileEncoding = 4; lastKnownFileType = sourcecode.swift; path = ActivityIndicator.swift; sourceTree = "<group>"; };
		C1F6C3F4242A0597009D8108 /* UIImageView+Extension.swift */ = {isa = PBXFileReference; fileEncoding = 4; lastKnownFileType = sourcecode.swift; path = "UIImageView+Extension.swift"; sourceTree = "<group>"; };
		C1F6C3F5242A0597009D8108 /* UIFont+Extension.swift */ = {isa = PBXFileReference; fileEncoding = 4; lastKnownFileType = sourcecode.swift; path = "UIFont+Extension.swift"; sourceTree = "<group>"; };
		C1F6C3F6242A0597009D8108 /* UIColor+Extension.swift */ = {isa = PBXFileReference; fileEncoding = 4; lastKnownFileType = sourcecode.swift; path = "UIColor+Extension.swift"; sourceTree = "<group>"; };
		C1F6C3F7242A0597009D8108 /* UILabel+Extension.swift */ = {isa = PBXFileReference; fileEncoding = 4; lastKnownFileType = sourcecode.swift; path = "UILabel+Extension.swift"; sourceTree = "<group>"; };
		C1F6C3F8242A0597009D8108 /* Thread+Extension.swift */ = {isa = PBXFileReference; fileEncoding = 4; lastKnownFileType = sourcecode.swift; path = "Thread+Extension.swift"; sourceTree = "<group>"; };
		C1F6C3F9242A0597009D8108 /* UIButton+Extension.swift */ = {isa = PBXFileReference; fileEncoding = 4; lastKnownFileType = sourcecode.swift; path = "UIButton+Extension.swift"; sourceTree = "<group>"; };
		C1F6C3FA242A0597009D8108 /* ObservableType+Extension.swift */ = {isa = PBXFileReference; fileEncoding = 4; lastKnownFileType = sourcecode.swift; path = "ObservableType+Extension.swift"; sourceTree = "<group>"; };
		C1F6C3FB242A0597009D8108 /* UIView+Extension.swift */ = {isa = PBXFileReference; fileEncoding = 4; lastKnownFileType = sourcecode.swift; path = "UIView+Extension.swift"; sourceTree = "<group>"; };
		C1F6C3FC242A0597009D8108 /* UIImage+Extension.swift */ = {isa = PBXFileReference; fileEncoding = 4; lastKnownFileType = sourcecode.swift; path = "UIImage+Extension.swift"; sourceTree = "<group>"; };
		C1F6C3FD242A0598009D8108 /* UIViewController+Extension.swift */ = {isa = PBXFileReference; fileEncoding = 4; lastKnownFileType = sourcecode.swift; path = "UIViewController+Extension.swift"; sourceTree = "<group>"; };
		C1F6C3FE242A0598009D8108 /* UIScreen+Extension.swift */ = {isa = PBXFileReference; fileEncoding = 4; lastKnownFileType = sourcecode.swift; path = "UIScreen+Extension.swift"; sourceTree = "<group>"; };
		C1F6C3FF242A0598009D8108 /* Bool+Extension.swift */ = {isa = PBXFileReference; fileEncoding = 4; lastKnownFileType = sourcecode.swift; path = "Bool+Extension.swift"; sourceTree = "<group>"; };
		C1F6C400242A0598009D8108 /* UIStackView+Extension.swift */ = {isa = PBXFileReference; fileEncoding = 4; lastKnownFileType = sourcecode.swift; path = "UIStackView+Extension.swift"; sourceTree = "<group>"; };
		C1F6C401242A0598009D8108 /* UIScrollView+Extension.swift */ = {isa = PBXFileReference; fileEncoding = 4; lastKnownFileType = sourcecode.swift; path = "UIScrollView+Extension.swift"; sourceTree = "<group>"; };
		C1F6C402242A0598009D8108 /* CGSize+Extension.swift */ = {isa = PBXFileReference; fileEncoding = 4; lastKnownFileType = sourcecode.swift; path = "CGSize+Extension.swift"; sourceTree = "<group>"; };
		C1F6C403242A0598009D8108 /* UITextField+Extension.swift */ = {isa = PBXFileReference; fileEncoding = 4; lastKnownFileType = sourcecode.swift; path = "UITextField+Extension.swift"; sourceTree = "<group>"; };
		C1F6C405242A0598009D8108 /* UIButton+Rx.swift */ = {isa = PBXFileReference; fileEncoding = 4; lastKnownFileType = sourcecode.swift; path = "UIButton+Rx.swift"; sourceTree = "<group>"; };
		C1F6C406242A0598009D8108 /* CGFloat+Extension.swift */ = {isa = PBXFileReference; fileEncoding = 4; lastKnownFileType = sourcecode.swift; path = "CGFloat+Extension.swift"; sourceTree = "<group>"; };
		C1F6C407242A0598009D8108 /* Array+Extension.swift */ = {isa = PBXFileReference; fileEncoding = 4; lastKnownFileType = sourcecode.swift; path = "Array+Extension.swift"; sourceTree = "<group>"; };
		C1F6C41E242A08CC009D8108 /* MapViewController.swift */ = {isa = PBXFileReference; lastKnownFileType = sourcecode.swift; path = MapViewController.swift; sourceTree = "<group>"; };
		C1F6C420242A0933009D8108 /* MapViewModel.swift */ = {isa = PBXFileReference; lastKnownFileType = sourcecode.swift; path = MapViewModel.swift; sourceTree = "<group>"; };
		C1F6C42B242A6389009D8108 /* LocationManager.swift */ = {isa = PBXFileReference; fileEncoding = 4; lastKnownFileType = sourcecode.swift; path = LocationManager.swift; sourceTree = "<group>"; };
		C1F6C42F242A78CD009D8108 /* Trcanje po najboljem kvartu.gpx */ = {isa = PBXFileReference; lastKnownFileType = text.xml; path = "Trcanje po najboljem kvartu.gpx"; sourceTree = "<group>"; };
/* End PBXFileReference section */

/* Begin PBXFrameworksBuildPhase section */
		C1F6C3CF242A041D009D8108 /* Frameworks */ = {
			isa = PBXFrameworksBuildPhase;
			buildActionMask = 2147483647;
			files = (
				A985FE416B3CD754FBD8851C /* Pods_Geofencing.framework in Frameworks */,
			);
			runOnlyForDeploymentPostprocessing = 0;
		};
/* End PBXFrameworksBuildPhase section */

/* Begin PBXGroup section */
		6C7C7A5F96845845CA015602 /* Frameworks */ = {
			isa = PBXGroup;
			children = (
				58CE4341B00839B3B2ECA491 /* Pods_Geofencing.framework */,
			);
			name = Frameworks;
			sourceTree = "<group>";
		};
		C1039094242CBF1000E3A007 /* Place */ = {
			isa = PBXGroup;
			children = (
				C1039099242CCE3700E3A007 /* PlaceNetworkingProtocol.swift */,
				C19C4262242BA04D0086BA46 /* PlaceNetworkingMock.swift */,
				C1039097242CCDED00E3A007 /* PlaceNetworking.swift */,
			);
			path = Place;
			sourceTree = "<group>";
		};
		C103909B242CE3CC00E3A007 /* Map */ = {
			isa = PBXGroup;
			children = (
				C103909C242CE3E600E3A007 /* MapViewModelProtocol.swift */,
				C1F6C420242A0933009D8108 /* MapViewModel.swift */,
			);
			path = Map;
			sourceTree = "<group>";
		};
		C103909E242CE5D000E3A007 /* Map */ = {
			isa = PBXGroup;
			children = (
				C1F6C41E242A08CC009D8108 /* MapViewController.swift */,
			);
			path = Map;
			sourceTree = "<group>";
		};
		C19C4250242B77350086BA46 /* GPX testing files */ = {
			isa = PBXGroup;
			children = (
				C1F6C42F242A78CD009D8108 /* Trcanje po najboljem kvartu.gpx */,
				C19C424F242B75920086BA46 /* Hodanje po najbolje kvartu.gpx */,
				C19C4264242BA8AF0086BA46 /* Trcanje dubai-zuza-vivas.gpx */,
			);
			path = "GPX testing files";
			sourceTree = "<group>";
		};
		C19C4259242B7B7D0086BA46 /* Factories */ = {
			isa = PBXGroup;
			children = (
				C19C425A242B7B9D0086BA46 /* PlaceFactory.swift */,
			);
			path = Factories;
			sourceTree = "<group>";
		};
		C19C425E242B7CCD0086BA46 /* Place */ = {
			isa = PBXGroup;
			children = (
				C19C4253242B78B30086BA46 /* PlaceServerResponse.swift */,
				C19C4255242B79060086BA46 /* Place.swift */,
				C1039095242CCDB500E3A007 /* PlaceMock.swift */,
			);
			path = Place;
			sourceTree = "<group>";
		};
		C19C425F242B7CFC0086BA46 /* Errors */ = {
			isa = PBXGroup;
			children = (
				C19C4257242B7A7F0086BA46 /* GeofencingError.swift */,
			);
			path = Errors;
			sourceTree = "<group>";
		};
		C1F6C3C9242A041D009D8108 = {
			isa = PBXGroup;
			children = (
				C1F6C3D4242A041D009D8108 /* Geofencing */,
				C1F6C3D3242A041D009D8108 /* Products */,
				F1F3F8053F6CF23FC1A6CB9B /* Pods */,
				6C7C7A5F96845845CA015602 /* Frameworks */,
			);
			sourceTree = "<group>";
		};
		C1F6C3D3242A041D009D8108 /* Products */ = {
			isa = PBXGroup;
			children = (
				C1F6C3D2242A041D009D8108 /* Geofencing.app */,
			);
			name = Products;
			sourceTree = "<group>";
		};
		C1F6C3D4242A041D009D8108 /* Geofencing */ = {
			isa = PBXGroup;
			children = (
				C19C4250242B77350086BA46 /* GPX testing files */,
				C1F6C3EA242A04F9009D8108 /* Services */,
				C1F6C3EB242A0506009D8108 /* Networking */,
				C1F6C3EC242A0512009D8108 /* Coordinator */,
				C1F6C3ED242A051E009D8108 /* Models */,
				C1F6C3EE242A0525009D8108 /* ViewModels */,
				C1F6C3EF242A052E009D8108 /* Views */,
				C1F6C3E9242A04B0009D8108 /* Supporting Files */,
				C1F6C3F0242A0597009D8108 /* Library */,
				C1F6C3E3242A0421009D8108 /* Info.plist */,
			);
			path = Geofencing;
			sourceTree = "<group>";
		};
		C1F6C3E9242A04B0009D8108 /* Supporting Files */ = {
			isa = PBXGroup;
			children = (
				C1F6C3D5242A041D009D8108 /* AppDelegate.swift */,
				C1F6C3E0242A0421009D8108 /* LaunchScreen.storyboard */,
				C1F6C3DE242A0421009D8108 /* Assets.xcassets */,
			);
			path = "Supporting Files";
			sourceTree = "<group>";
		};
		C1F6C3EA242A04F9009D8108 /* Services */ = {
			isa = PBXGroup;
			children = (
				C19C4259242B7B7D0086BA46 /* Factories */,
				C1F6C428242A6389009D8108 /* Managers */,
			);
			path = Services;
			sourceTree = "<group>";
		};
		C1F6C3EB242A0506009D8108 /* Networking */ = {
			isa = PBXGroup;
			children = (
				C1039094242CBF1000E3A007 /* Place */,
			);
			path = Networking;
			sourceTree = "<group>";
		};
		C1F6C3EC242A0512009D8108 /* Coordinator */ = {
			isa = PBXGroup;
			children = (
				C11508B92431E15C00971465 /* Coordinator.swift */,
			);
			path = Coordinator;
			sourceTree = "<group>";
		};
		C1F6C3ED242A051E009D8108 /* Models */ = {
			isa = PBXGroup;
			children = (
				C19C425F242B7CFC0086BA46 /* Errors */,
				C19C425E242B7CCD0086BA46 /* Place */,
			);
			path = Models;
			sourceTree = "<group>";
		};
		C1F6C3EE242A0525009D8108 /* ViewModels */ = {
			isa = PBXGroup;
			children = (
				C103909B242CE3CC00E3A007 /* Map */,
			);
			path = ViewModels;
			sourceTree = "<group>";
		};
		C1F6C3EF242A052E009D8108 /* Views */ = {
			isa = PBXGroup;
			children = (
				C103909E242CE5D000E3A007 /* Map */,
			);
			path = Views;
			sourceTree = "<group>";
		};
		C1F6C3F0242A0597009D8108 /* Library */ = {
			isa = PBXGroup;
			children = (
				C1F6C3F1242A0597009D8108 /* Snippets */,
				C1F6C3F3242A0597009D8108 /* Extensions */,
			);
			path = Library;
			sourceTree = "<group>";
		};
		C1F6C3F1242A0597009D8108 /* Snippets */ = {
			isa = PBXGroup;
			children = (
				C1F6C3F2242A0597009D8108 /* ActivityIndicator.swift */,
			);
			path = Snippets;
			sourceTree = "<group>";
		};
		C1F6C3F3242A0597009D8108 /* Extensions */ = {
			isa = PBXGroup;
			children = (
				C1F6C3F4242A0597009D8108 /* UIImageView+Extension.swift */,
				C1F6C3F5242A0597009D8108 /* UIFont+Extension.swift */,
				C1F6C3F6242A0597009D8108 /* UIColor+Extension.swift */,
				C1F6C3F7242A0597009D8108 /* UILabel+Extension.swift */,
				C1F6C3F8242A0597009D8108 /* Thread+Extension.swift */,
				C1F6C3F9242A0597009D8108 /* UIButton+Extension.swift */,
				C1F6C3FA242A0597009D8108 /* ObservableType+Extension.swift */,
				C1F6C3FB242A0597009D8108 /* UIView+Extension.swift */,
				C1F6C3FC242A0597009D8108 /* UIImage+Extension.swift */,
				C1F6C3FD242A0598009D8108 /* UIViewController+Extension.swift */,
				C1F6C3FE242A0598009D8108 /* UIScreen+Extension.swift */,
				C1F6C3FF242A0598009D8108 /* Bool+Extension.swift */,
				C1F6C400242A0598009D8108 /* UIStackView+Extension.swift */,
				C1F6C401242A0598009D8108 /* UIScrollView+Extension.swift */,
				C1F6C402242A0598009D8108 /* CGSize+Extension.swift */,
				C1F6C403242A0598009D8108 /* UITextField+Extension.swift */,
				C1F6C406242A0598009D8108 /* CGFloat+Extension.swift */,
				C1F6C407242A0598009D8108 /* Array+Extension.swift */,
				C19C4251242B77FE0086BA46 /* MKPolygon+Extension.swift */,
				C1F6C404242A0598009D8108 /* Rx */,
			);
			path = Extensions;
			sourceTree = "<group>";
		};
		C1F6C404242A0598009D8108 /* Rx */ = {
			isa = PBXGroup;
			children = (
				C1F6C405242A0598009D8108 /* UIButton+Rx.swift */,
			);
			path = Rx;
			sourceTree = "<group>";
		};
		C1F6C428242A6389009D8108 /* Managers */ = {
			isa = PBXGroup;
			children = (
				C1F6C42B242A6389009D8108 /* LocationManager.swift */,
				C11508BB2431E3C000971465 /* NotificationManager.swift */,
				C19C4265242BB1400086BA46 /* PlaceManager.swift */,
			);
			path = Managers;
			sourceTree = "<group>";
		};
		F1F3F8053F6CF23FC1A6CB9B /* Pods */ = {
			isa = PBXGroup;
			children = (
				5B44332DC4256B7DDAE0EBBB /* Pods-Geofencing.debug.xcconfig */,
				4B0BBFB971B9CA68F4DA285B /* Pods-Geofencing.release.xcconfig */,
			);
			path = Pods;
			sourceTree = "<group>";
		};
/* End PBXGroup section */

/* Begin PBXNativeTarget section */
		C1F6C3D1242A041D009D8108 /* Geofencing */ = {
			isa = PBXNativeTarget;
			buildConfigurationList = C1F6C3E6242A0421009D8108 /* Build configuration list for PBXNativeTarget "Geofencing" */;
			buildPhases = (
				F46740C1699293C1DDC4D07B /* [CP] Check Pods Manifest.lock */,
				C1F6C3CE242A041D009D8108 /* Sources */,
				C1F6C3CF242A041D009D8108 /* Frameworks */,
				C1F6C3D0242A041D009D8108 /* Resources */,
				66AD4DE00548BEEE49B4663B /* [CP] Embed Pods Frameworks */,
			);
			buildRules = (
			);
			dependencies = (
			);
			name = Geofencing;
			productName = Geofencing;
			productReference = C1F6C3D2242A041D009D8108 /* Geofencing.app */;
			productType = "com.apple.product-type.application";
		};
/* End PBXNativeTarget section */

/* Begin PBXProject section */
		C1F6C3CA242A041D009D8108 /* Project object */ = {
			isa = PBXProject;
			attributes = {
				LastSwiftUpdateCheck = 1120;
				LastUpgradeCheck = 1120;
				ORGANIZATIONNAME = "Codable Studio";
				TargetAttributes = {
					C1F6C3D1242A041D009D8108 = {
						CreatedOnToolsVersion = 11.2.1;
					};
				};
			};
			buildConfigurationList = C1F6C3CD242A041D009D8108 /* Build configuration list for PBXProject "Geofencing" */;
			compatibilityVersion = "Xcode 9.3";
			developmentRegion = en;
			hasScannedForEncodings = 0;
			knownRegions = (
				en,
				Base,
			);
			mainGroup = C1F6C3C9242A041D009D8108;
			productRefGroup = C1F6C3D3242A041D009D8108 /* Products */;
			projectDirPath = "";
			projectRoot = "";
			targets = (
				C1F6C3D1242A041D009D8108 /* Geofencing */,
			);
		};
/* End PBXProject section */

/* Begin PBXResourcesBuildPhase section */
		C1F6C3D0242A041D009D8108 /* Resources */ = {
			isa = PBXResourcesBuildPhase;
			buildActionMask = 2147483647;
			files = (
				C1F6C3E2242A0421009D8108 /* LaunchScreen.storyboard in Resources */,
				C1F6C3DF242A0421009D8108 /* Assets.xcassets in Resources */,
			);
			runOnlyForDeploymentPostprocessing = 0;
		};
/* End PBXResourcesBuildPhase section */

/* Begin PBXShellScriptBuildPhase section */
		66AD4DE00548BEEE49B4663B /* [CP] Embed Pods Frameworks */ = {
			isa = PBXShellScriptBuildPhase;
			buildActionMask = 2147483647;
			files = (
			);
			inputFileListPaths = (
				"${PODS_ROOT}/Target Support Files/Pods-Geofencing/Pods-Geofencing-frameworks-${CONFIGURATION}-input-files.xcfilelist",
			);
			name = "[CP] Embed Pods Frameworks";
			outputFileListPaths = (
				"${PODS_ROOT}/Target Support Files/Pods-Geofencing/Pods-Geofencing-frameworks-${CONFIGURATION}-output-files.xcfilelist",
			);
			runOnlyForDeploymentPostprocessing = 0;
			shellPath = /bin/sh;
			shellScript = "\"${PODS_ROOT}/Target Support Files/Pods-Geofencing/Pods-Geofencing-frameworks.sh\"\n";
			showEnvVarsInLog = 0;
		};
		F46740C1699293C1DDC4D07B /* [CP] Check Pods Manifest.lock */ = {
			isa = PBXShellScriptBuildPhase;
			buildActionMask = 2147483647;
			files = (
			);
			inputFileListPaths = (
			);
			inputPaths = (
				"${PODS_PODFILE_DIR_PATH}/Podfile.lock",
				"${PODS_ROOT}/Manifest.lock",
			);
			name = "[CP] Check Pods Manifest.lock";
			outputFileListPaths = (
			);
			outputPaths = (
				"$(DERIVED_FILE_DIR)/Pods-Geofencing-checkManifestLockResult.txt",
			);
			runOnlyForDeploymentPostprocessing = 0;
			shellPath = /bin/sh;
			shellScript = "diff \"${PODS_PODFILE_DIR_PATH}/Podfile.lock\" \"${PODS_ROOT}/Manifest.lock\" > /dev/null\nif [ $? != 0 ] ; then\n    # print error to STDERR\n    echo \"error: The sandbox is not in sync with the Podfile.lock. Run 'pod install' or update your CocoaPods installation.\" >&2\n    exit 1\nfi\n# This output is used by Xcode 'outputs' to avoid re-running this script phase.\necho \"SUCCESS\" > \"${SCRIPT_OUTPUT_FILE_0}\"\n";
			showEnvVarsInLog = 0;
		};
/* End PBXShellScriptBuildPhase section */

/* Begin PBXSourcesBuildPhase section */
		C1F6C3CE242A041D009D8108 /* Sources */ = {
			isa = PBXSourcesBuildPhase;
			buildActionMask = 2147483647;
			files = (
				C1F6C411242A0598009D8108 /* UIImage+Extension.swift in Sources */,
				C1F6C40C242A0598009D8108 /* UILabel+Extension.swift in Sources */,
				C1F6C40B242A0598009D8108 /* UIColor+Extension.swift in Sources */,
				C1039098242CCDED00E3A007 /* PlaceNetworking.swift in Sources */,
				C1F6C414242A0598009D8108 /* Bool+Extension.swift in Sources */,
				C1F6C40A242A0598009D8108 /* UIFont+Extension.swift in Sources */,
				C1F6C418242A0598009D8108 /* UITextField+Extension.swift in Sources */,
				C1F6C41A242A0598009D8108 /* CGFloat+Extension.swift in Sources */,
				C11508BC2431E3C000971465 /* NotificationManager.swift in Sources */,
				C11508BA2431E15C00971465 /* Coordinator.swift in Sources */,
				C19C425B242B7B9D0086BA46 /* PlaceFactory.swift in Sources */,
				C19C4252242B77FE0086BA46 /* MKPolygon+Extension.swift in Sources */,
				C19C4263242BA04D0086BA46 /* PlaceNetworkingMock.swift in Sources */,
				C1F6C412242A0598009D8108 /* UIViewController+Extension.swift in Sources */,
				C1F6C41F242A08CC009D8108 /* MapViewController.swift in Sources */,
				C1039096242CCDB500E3A007 /* PlaceMock.swift in Sources */,
				C19C4266242BB1400086BA46 /* PlaceManager.swift in Sources */,
				C1F6C40E242A0598009D8108 /* UIButton+Extension.swift in Sources */,
				C19C4258242B7A7F0086BA46 /* GeofencingError.swift in Sources */,
				C1F6C415242A0598009D8108 /* UIStackView+Extension.swift in Sources */,
				C1F6C409242A0598009D8108 /* UIImageView+Extension.swift in Sources */,
				C1F6C408242A0598009D8108 /* ActivityIndicator.swift in Sources */,
				C1F6C410242A0598009D8108 /* UIView+Extension.swift in Sources */,
				C1F6C41B242A0598009D8108 /* Array+Extension.swift in Sources */,
				C1F6C40D242A0598009D8108 /* Thread+Extension.swift in Sources */,
				C1F6C417242A0598009D8108 /* CGSize+Extension.swift in Sources */,
				C19C4256242B79060086BA46 /* Place.swift in Sources */,
				C1F6C419242A0598009D8108 /* UIButton+Rx.swift in Sources */,
				C103909A242CCE3700E3A007 /* PlaceNetworkingProtocol.swift in Sources */,
				C1F6C416242A0598009D8108 /* UIScrollView+Extension.swift in Sources */,
				C103909D242CE3E600E3A007 /* MapViewModelProtocol.swift in Sources */,
				C1F6C413242A0598009D8108 /* UIScreen+Extension.swift in Sources */,
				C19C4254242B78B30086BA46 /* PlaceServerResponse.swift in Sources */,
				C1F6C3D6242A041D009D8108 /* AppDelegate.swift in Sources */,
				C1F6C40F242A0598009D8108 /* ObservableType+Extension.swift in Sources */,
				C1F6C421242A0933009D8108 /* MapViewModel.swift in Sources */,
				C1F6C42E242A6389009D8108 /* LocationManager.swift in Sources */,
			);
			runOnlyForDeploymentPostprocessing = 0;
		};
/* End PBXSourcesBuildPhase section */

/* Begin PBXVariantGroup section */
		C1F6C3E0242A0421009D8108 /* LaunchScreen.storyboard */ = {
			isa = PBXVariantGroup;
			children = (
				C1F6C3E1242A0421009D8108 /* Base */,
			);
			name = LaunchScreen.storyboard;
			sourceTree = "<group>";
		};
/* End PBXVariantGroup section */

/* Begin XCBuildConfiguration section */
		C1F6C3E4242A0421009D8108 /* Debug */ = {
			isa = XCBuildConfiguration;
			buildSettings = {
				ALWAYS_SEARCH_USER_PATHS = NO;
				CLANG_ANALYZER_NONNULL = YES;
				CLANG_ANALYZER_NUMBER_OBJECT_CONVERSION = YES_AGGRESSIVE;
				CLANG_CXX_LANGUAGE_STANDARD = "gnu++14";
				CLANG_CXX_LIBRARY = "libc++";
				CLANG_ENABLE_MODULES = YES;
				CLANG_ENABLE_OBJC_ARC = YES;
				CLANG_ENABLE_OBJC_WEAK = YES;
				CLANG_WARN_BLOCK_CAPTURE_AUTORELEASING = YES;
				CLANG_WARN_BOOL_CONVERSION = YES;
				CLANG_WARN_COMMA = YES;
				CLANG_WARN_CONSTANT_CONVERSION = YES;
				CLANG_WARN_DEPRECATED_OBJC_IMPLEMENTATIONS = YES;
				CLANG_WARN_DIRECT_OBJC_ISA_USAGE = YES_ERROR;
				CLANG_WARN_DOCUMENTATION_COMMENTS = YES;
				CLANG_WARN_EMPTY_BODY = YES;
				CLANG_WARN_ENUM_CONVERSION = YES;
				CLANG_WARN_INFINITE_RECURSION = YES;
				CLANG_WARN_INT_CONVERSION = YES;
				CLANG_WARN_NON_LITERAL_NULL_CONVERSION = YES;
				CLANG_WARN_OBJC_IMPLICIT_RETAIN_SELF = YES;
				CLANG_WARN_OBJC_LITERAL_CONVERSION = YES;
				CLANG_WARN_OBJC_ROOT_CLASS = YES_ERROR;
				CLANG_WARN_RANGE_LOOP_ANALYSIS = YES;
				CLANG_WARN_STRICT_PROTOTYPES = YES;
				CLANG_WARN_SUSPICIOUS_MOVE = YES;
				CLANG_WARN_UNGUARDED_AVAILABILITY = YES_AGGRESSIVE;
				CLANG_WARN_UNREACHABLE_CODE = YES;
				CLANG_WARN__DUPLICATE_METHOD_MATCH = YES;
				COPY_PHASE_STRIP = NO;
				DEBUG_INFORMATION_FORMAT = dwarf;
				ENABLE_STRICT_OBJC_MSGSEND = YES;
				ENABLE_TESTABILITY = YES;
				GCC_C_LANGUAGE_STANDARD = gnu11;
				GCC_DYNAMIC_NO_PIC = NO;
				GCC_NO_COMMON_BLOCKS = YES;
				GCC_OPTIMIZATION_LEVEL = 0;
				GCC_PREPROCESSOR_DEFINITIONS = (
					"DEBUG=1",
					"$(inherited)",
				);
				GCC_WARN_64_TO_32_BIT_CONVERSION = YES;
				GCC_WARN_ABOUT_RETURN_TYPE = YES_ERROR;
				GCC_WARN_UNDECLARED_SELECTOR = YES;
				GCC_WARN_UNINITIALIZED_AUTOS = YES_AGGRESSIVE;
				GCC_WARN_UNUSED_FUNCTION = YES;
				GCC_WARN_UNUSED_VARIABLE = YES;
				IPHONEOS_DEPLOYMENT_TARGET = 13.2;
				MTL_ENABLE_DEBUG_INFO = INCLUDE_SOURCE;
				MTL_FAST_MATH = YES;
				ONLY_ACTIVE_ARCH = YES;
				SDKROOT = iphoneos;
				SWIFT_ACTIVE_COMPILATION_CONDITIONS = DEBUG;
				SWIFT_OPTIMIZATION_LEVEL = "-Onone";
			};
			name = Debug;
		};
		C1F6C3E5242A0421009D8108 /* Release */ = {
			isa = XCBuildConfiguration;
			buildSettings = {
				ALWAYS_SEARCH_USER_PATHS = NO;
				CLANG_ANALYZER_NONNULL = YES;
				CLANG_ANALYZER_NUMBER_OBJECT_CONVERSION = YES_AGGRESSIVE;
				CLANG_CXX_LANGUAGE_STANDARD = "gnu++14";
				CLANG_CXX_LIBRARY = "libc++";
				CLANG_ENABLE_MODULES = YES;
				CLANG_ENABLE_OBJC_ARC = YES;
				CLANG_ENABLE_OBJC_WEAK = YES;
				CLANG_WARN_BLOCK_CAPTURE_AUTORELEASING = YES;
				CLANG_WARN_BOOL_CONVERSION = YES;
				CLANG_WARN_COMMA = YES;
				CLANG_WARN_CONSTANT_CONVERSION = YES;
				CLANG_WARN_DEPRECATED_OBJC_IMPLEMENTATIONS = YES;
				CLANG_WARN_DIRECT_OBJC_ISA_USAGE = YES_ERROR;
				CLANG_WARN_DOCUMENTATION_COMMENTS = YES;
				CLANG_WARN_EMPTY_BODY = YES;
				CLANG_WARN_ENUM_CONVERSION = YES;
				CLANG_WARN_INFINITE_RECURSION = YES;
				CLANG_WARN_INT_CONVERSION = YES;
				CLANG_WARN_NON_LITERAL_NULL_CONVERSION = YES;
				CLANG_WARN_OBJC_IMPLICIT_RETAIN_SELF = YES;
				CLANG_WARN_OBJC_LITERAL_CONVERSION = YES;
				CLANG_WARN_OBJC_ROOT_CLASS = YES_ERROR;
				CLANG_WARN_RANGE_LOOP_ANALYSIS = YES;
				CLANG_WARN_STRICT_PROTOTYPES = YES;
				CLANG_WARN_SUSPICIOUS_MOVE = YES;
				CLANG_WARN_UNGUARDED_AVAILABILITY = YES_AGGRESSIVE;
				CLANG_WARN_UNREACHABLE_CODE = YES;
				CLANG_WARN__DUPLICATE_METHOD_MATCH = YES;
				COPY_PHASE_STRIP = NO;
				DEBUG_INFORMATION_FORMAT = "dwarf-with-dsym";
				ENABLE_NS_ASSERTIONS = NO;
				ENABLE_STRICT_OBJC_MSGSEND = YES;
				GCC_C_LANGUAGE_STANDARD = gnu11;
				GCC_NO_COMMON_BLOCKS = YES;
				GCC_WARN_64_TO_32_BIT_CONVERSION = YES;
				GCC_WARN_ABOUT_RETURN_TYPE = YES_ERROR;
				GCC_WARN_UNDECLARED_SELECTOR = YES;
				GCC_WARN_UNINITIALIZED_AUTOS = YES_AGGRESSIVE;
				GCC_WARN_UNUSED_FUNCTION = YES;
				GCC_WARN_UNUSED_VARIABLE = YES;
				IPHONEOS_DEPLOYMENT_TARGET = 13.2;
				MTL_ENABLE_DEBUG_INFO = NO;
				MTL_FAST_MATH = YES;
				SDKROOT = iphoneos;
				SWIFT_COMPILATION_MODE = wholemodule;
				SWIFT_OPTIMIZATION_LEVEL = "-O";
				VALIDATE_PRODUCT = YES;
			};
			name = Release;
		};
		C1F6C3E7242A0421009D8108 /* Debug */ = {
			isa = XCBuildConfiguration;
			baseConfigurationReference = 5B44332DC4256B7DDAE0EBBB /* Pods-Geofencing.debug.xcconfig */;
			buildSettings = {
				ASSETCATALOG_COMPILER_APPICON_NAME = AppIcon;
				CODE_SIGN_STYLE = Automatic;
				DEVELOPMENT_TEAM = Q2P9VVU3YH;
				INFOPLIST_FILE = Geofencing/Info.plist;
				LD_RUNPATH_SEARCH_PATHS = (
					"$(inherited)",
					"@executable_path/Frameworks",
				);
				PRODUCT_BUNDLE_IDENTIFIER = co.codable.studio.cs.Geofencing;
				PRODUCT_NAME = "$(TARGET_NAME)";
				SWIFT_VERSION = 5.0;
				TARGETED_DEVICE_FAMILY = "1,2";
			};
			name = Debug;
		};
		C1F6C3E8242A0421009D8108 /* Release */ = {
			isa = XCBuildConfiguration;
			baseConfigurationReference = 4B0BBFB971B9CA68F4DA285B /* Pods-Geofencing.release.xcconfig */;
			buildSettings = {
				ASSETCATALOG_COMPILER_APPICON_NAME = AppIcon;
				CODE_SIGN_STYLE = Automatic;
				DEVELOPMENT_TEAM = Q2P9VVU3YH;
				INFOPLIST_FILE = Geofencing/Info.plist;
				LD_RUNPATH_SEARCH_PATHS = (
					"$(inherited)",
					"@executable_path/Frameworks",
				);
				PRODUCT_BUNDLE_IDENTIFIER = co.codable.studio.cs.Geofencing;
				PRODUCT_NAME = "$(TARGET_NAME)";
				SWIFT_VERSION = 5.0;
				TARGETED_DEVICE_FAMILY = "1,2";
			};
			name = Release;
		};
/* End XCBuildConfiguration section */

/* Begin XCConfigurationList section */
		C1F6C3CD242A041D009D8108 /* Build configuration list for PBXProject "Geofencing" */ = {
			isa = XCConfigurationList;
			buildConfigurations = (
				C1F6C3E4242A0421009D8108 /* Debug */,
				C1F6C3E5242A0421009D8108 /* Release */,
			);
			defaultConfigurationIsVisible = 0;
			defaultConfigurationName = Release;
		};
		C1F6C3E6242A0421009D8108 /* Build configuration list for PBXNativeTarget "Geofencing" */ = {
			isa = XCConfigurationList;
			buildConfigurations = (
				C1F6C3E7242A0421009D8108 /* Debug */,
				C1F6C3E8242A0421009D8108 /* Release */,
			);
			defaultConfigurationIsVisible = 0;
			defaultConfigurationName = Release;
		};
/* End XCConfigurationList section */
	};
	rootObject = C1F6C3CA242A041D009D8108 /* Project object */;
}
